
Microsoft Visual Studio Solution File, Format Version 12.00
# Visual Studio Version 17
VisualStudioVersion = 17.4.33103.184
MinimumVisualStudioVersion = 10.0.40219.1
Project("{2150E333-8FDC-42A3-9474-1A3956D46DE8}") = "Services", "Services", "{EE5E7F20-72FB-4C1D-8FA7-A53DC2A68AAF}"
EndProject
Project("{2150E333-8FDC-42A3-9474-1A3956D46DE8}") = "Shared", "Shared", "{4FCA2686-FBE5-45DB-BAC7-5D35AD54255F}"
EndProject
Project("{2150E333-8FDC-42A3-9474-1A3956D46DE8}") = "Catalog", "Catalog", "{18931B16-FF6F-4423-B5B1-63F5D986584B}"
EndProject
Project("{FAE04EC0-301F-11D3-BF4B-00C04F79EFBC}") = "TechnoMarket.Services.Catalog", "Services\Catalog\TechnoMarket.Services.Catalog\TechnoMarket.Services.Catalog.csproj", "{38CB7E8E-1DE9-41A7-A9DB-E41C7E45ABB1}"
EndProject
Global
	GlobalSection(SolutionConfigurationPlatforms) = preSolution
		Debug|Any CPU = Debug|Any CPU
		Release|Any CPU = Release|Any CPU
	EndGlobalSection
	GlobalSection(ProjectConfigurationPlatforms) = postSolution
		{38CB7E8E-1DE9-41A7-A9DB-E41C7E45ABB1}.Debug|Any CPU.ActiveCfg = Debug|Any CPU
		{38CB7E8E-1DE9-41A7-A9DB-E41C7E45ABB1}.Debug|Any CPU.Build.0 = Debug|Any CPU
		{38CB7E8E-1DE9-41A7-A9DB-E41C7E45ABB1}.Release|Any CPU.ActiveCfg = Release|Any CPU
		{38CB7E8E-1DE9-41A7-A9DB-E41C7E45ABB1}.Release|Any CPU.Build.0 = Release|Any CPU
	EndGlobalSection
	GlobalSection(SolutionProperties) = preSolution
		HideSolutionNode = FALSE
	EndGlobalSection
	GlobalSection(NestedProjects) = preSolution
		{18931B16-FF6F-4423-B5B1-63F5D986584B} = {EE5E7F20-72FB-4C1D-8FA7-A53DC2A68AAF}
		{38CB7E8E-1DE9-41A7-A9DB-E41C7E45ABB1} = {18931B16-FF6F-4423-B5B1-63F5D986584B}
	EndGlobalSection
	GlobalSection(ExtensibilityGlobals) = postSolution
		SolutionGuid = {87D1FE37-EC68-4193-B007-C2AC167B9C62}
	EndGlobalSection
EndGlobal
