
Microsoft Visual Studio Solution File, Format Version 12.00
# Visual Studio Version 17
VisualStudioVersion = 17.4.33103.184
MinimumVisualStudioVersion = 10.0.40219.1
Project("{2150E333-8FDC-42A3-9474-1A3956D46DE8}") = "Services", "Services", "{EE5E7F20-72FB-4C1D-8FA7-A53DC2A68AAF}"
EndProject
Project("{2150E333-8FDC-42A3-9474-1A3956D46DE8}") = "Shared", "Shared", "{4FCA2686-FBE5-45DB-BAC7-5D35AD54255F}"
EndProject
Project("{2150E333-8FDC-42A3-9474-1A3956D46DE8}") = "Catalog", "Catalog", "{18931B16-FF6F-4423-B5B1-63F5D986584B}"
EndProject
Project("{9A19103F-16F7-4668-BE54-9A1E7A4F7556}") = "TechnoMarket.Services.Catalog", "Services\Catalog\TechnoMarket.Services.Catalog\TechnoMarket.Services.Catalog.csproj", "{38CB7E8E-1DE9-41A7-A9DB-E41C7E45ABB1}"
EndProject
Project("{9A19103F-16F7-4668-BE54-9A1E7A4F7556}") = "TechnoMarket.Shared", "Shared\TechnoMarket.Shared\TechnoMarket.Shared.csproj", "{C576FDAC-5A0C-496C-9CA4-0C3EEB49D207}"
EndProject
Project("{9A19103F-16F7-4668-BE54-9A1E7A4F7556}") = "TechnoMarket.Services.Catalog.UnitTests", "Services\Catalog\TechnoMarket.Services.Catalog.UnitTests\TechnoMarket.Services.Catalog.UnitTests.csproj", "{00C39F69-50A1-40F1-BE2A-3BC880A5D9FD}"
EndProject
Project("{2150E333-8FDC-42A3-9474-1A3956D46DE8}") = "Order", "Order", "{A9A5E335-9480-46DE-852F-E92064C85855}"
EndProject
Project("{9A19103F-16F7-4668-BE54-9A1E7A4F7556}") = "TechnoMarket.Services.Order", "Services\Order\TechnoMarket.Services.Order\TechnoMarket.Services.Order.csproj", "{FD60C32A-C666-48A8-8B43-65EBCA75F3AD}"
EndProject
Project("{2150E333-8FDC-42A3-9474-1A3956D46DE8}") = "Customer", "Customer", "{EA7CE8F6-04F7-4479-82D9-E251BB256586}"
EndProject
Project("{9A19103F-16F7-4668-BE54-9A1E7A4F7556}") = "TechnoMarket.Services.Customer", "Services\Customer\TechnoMarket.Services.Customer\TechnoMarket.Services.Customer.csproj", "{A4F5DBCE-BA04-49CC-93A7-D2FB962738F6}"
EndProject
Project("{2150E333-8FDC-42A3-9474-1A3956D46DE8}") = "Basket", "Basket", "{EA7E583C-5229-46C6-8E76-D0CA82FCD34C}"
EndProject
Project("{9A19103F-16F7-4668-BE54-9A1E7A4F7556}") = "TechnoMarket.Services.Basket", "Services\Basket\TechnoMarket.Services.Basket\TechnoMarket.Services.Basket.csproj", "{72BFD130-D247-4C39-8AEB-21F5865C5185}"
EndProject
Project("{2150E333-8FDC-42A3-9474-1A3956D46DE8}") = "Gateways", "Gateways", "{FBCFF493-A5DE-43C7-8A9E-D9A1A849B4C1}"
EndProject
Project("{9A19103F-16F7-4668-BE54-9A1E7A4F7556}") = "TechnoMarket.Gateway", "Gateways\TechnoMarket.Gateway\TechnoMarket.Gateway.csproj", "{5B164971-5996-4415-B204-F1FFC8F796F5}"
EndProject
Project("{2150E333-8FDC-42A3-9474-1A3956D46DE8}") = "Frontends", "Frontends", "{60202EB8-5AD4-432E-966E-0507996FEC43}"
EndProject
Project("{9A19103F-16F7-4668-BE54-9A1E7A4F7556}") = "TechnoMarket.Web", "Frontends\TechnoMarket.Web\TechnoMarket.Web.csproj", "{CDB97F6F-192F-41B4-B4E5-F1ABD6D101B2}"
EndProject
Project("{2150E333-8FDC-42A3-9474-1A3956D46DE8}") = "PhotoStock", "PhotoStock", "{F61A13CF-D25D-4C83-A894-FC88D96D47ED}"
EndProject
Project("{FAE04EC0-301F-11D3-BF4B-00C04F79EFBC}") = "TechnoMarket.Services.PhotoStock", "Services\PhotoStock\TechnoMarket.Services.PhotoStock\TechnoMarket.Services.PhotoStock.csproj", "{655A9F28-6851-4B99-91E2-C042A6F99AE8}"
EndProject
Global
	GlobalSection(SolutionConfigurationPlatforms) = preSolution
		Debug|Any CPU = Debug|Any CPU
		Release|Any CPU = Release|Any CPU
	EndGlobalSection
	GlobalSection(ProjectConfigurationPlatforms) = postSolution
		{38CB7E8E-1DE9-41A7-A9DB-E41C7E45ABB1}.Debug|Any CPU.ActiveCfg = Debug|Any CPU
		{38CB7E8E-1DE9-41A7-A9DB-E41C7E45ABB1}.Debug|Any CPU.Build.0 = Debug|Any CPU
		{38CB7E8E-1DE9-41A7-A9DB-E41C7E45ABB1}.Release|Any CPU.ActiveCfg = Release|Any CPU
		{38CB7E8E-1DE9-41A7-A9DB-E41C7E45ABB1}.Release|Any CPU.Build.0 = Release|Any CPU
		{C576FDAC-5A0C-496C-9CA4-0C3EEB49D207}.Debug|Any CPU.ActiveCfg = Debug|Any CPU
		{C576FDAC-5A0C-496C-9CA4-0C3EEB49D207}.Debug|Any CPU.Build.0 = Debug|Any CPU
		{C576FDAC-5A0C-496C-9CA4-0C3EEB49D207}.Release|Any CPU.ActiveCfg = Release|Any CPU
		{C576FDAC-5A0C-496C-9CA4-0C3EEB49D207}.Release|Any CPU.Build.0 = Release|Any CPU
		{00C39F69-50A1-40F1-BE2A-3BC880A5D9FD}.Debug|Any CPU.ActiveCfg = Debug|Any CPU
		{00C39F69-50A1-40F1-BE2A-3BC880A5D9FD}.Debug|Any CPU.Build.0 = Debug|Any CPU
		{00C39F69-50A1-40F1-BE2A-3BC880A5D9FD}.Release|Any CPU.ActiveCfg = Release|Any CPU
		{00C39F69-50A1-40F1-BE2A-3BC880A5D9FD}.Release|Any CPU.Build.0 = Release|Any CPU
		{FD60C32A-C666-48A8-8B43-65EBCA75F3AD}.Debug|Any CPU.ActiveCfg = Debug|Any CPU
		{FD60C32A-C666-48A8-8B43-65EBCA75F3AD}.Debug|Any CPU.Build.0 = Debug|Any CPU
		{FD60C32A-C666-48A8-8B43-65EBCA75F3AD}.Release|Any CPU.ActiveCfg = Release|Any CPU
		{FD60C32A-C666-48A8-8B43-65EBCA75F3AD}.Release|Any CPU.Build.0 = Release|Any CPU
		{A4F5DBCE-BA04-49CC-93A7-D2FB962738F6}.Debug|Any CPU.ActiveCfg = Debug|Any CPU
		{A4F5DBCE-BA04-49CC-93A7-D2FB962738F6}.Debug|Any CPU.Build.0 = Debug|Any CPU
		{A4F5DBCE-BA04-49CC-93A7-D2FB962738F6}.Release|Any CPU.ActiveCfg = Release|Any CPU
		{A4F5DBCE-BA04-49CC-93A7-D2FB962738F6}.Release|Any CPU.Build.0 = Release|Any CPU
		{72BFD130-D247-4C39-8AEB-21F5865C5185}.Debug|Any CPU.ActiveCfg = Debug|Any CPU
		{72BFD130-D247-4C39-8AEB-21F5865C5185}.Debug|Any CPU.Build.0 = Debug|Any CPU
		{72BFD130-D247-4C39-8AEB-21F5865C5185}.Release|Any CPU.ActiveCfg = Release|Any CPU
		{72BFD130-D247-4C39-8AEB-21F5865C5185}.Release|Any CPU.Build.0 = Release|Any CPU
		{5B164971-5996-4415-B204-F1FFC8F796F5}.Debug|Any CPU.ActiveCfg = Debug|Any CPU
		{5B164971-5996-4415-B204-F1FFC8F796F5}.Debug|Any CPU.Build.0 = Debug|Any CPU
		{5B164971-5996-4415-B204-F1FFC8F796F5}.Release|Any CPU.ActiveCfg = Release|Any CPU
		{5B164971-5996-4415-B204-F1FFC8F796F5}.Release|Any CPU.Build.0 = Release|Any CPU
		{CDB97F6F-192F-41B4-B4E5-F1ABD6D101B2}.Debug|Any CPU.ActiveCfg = Debug|Any CPU
		{CDB97F6F-192F-41B4-B4E5-F1ABD6D101B2}.Debug|Any CPU.Build.0 = Debug|Any CPU
		{CDB97F6F-192F-41B4-B4E5-F1ABD6D101B2}.Release|Any CPU.ActiveCfg = Release|Any CPU
		{CDB97F6F-192F-41B4-B4E5-F1ABD6D101B2}.Release|Any CPU.Build.0 = Release|Any CPU
		{655A9F28-6851-4B99-91E2-C042A6F99AE8}.Debug|Any CPU.ActiveCfg = Debug|Any CPU
		{655A9F28-6851-4B99-91E2-C042A6F99AE8}.Debug|Any CPU.Build.0 = Debug|Any CPU
		{655A9F28-6851-4B99-91E2-C042A6F99AE8}.Release|Any CPU.ActiveCfg = Release|Any CPU
		{655A9F28-6851-4B99-91E2-C042A6F99AE8}.Release|Any CPU.Build.0 = Release|Any CPU
	EndGlobalSection
	GlobalSection(SolutionProperties) = preSolution
		HideSolutionNode = FALSE
	EndGlobalSection
	GlobalSection(NestedProjects) = preSolution
		{18931B16-FF6F-4423-B5B1-63F5D986584B} = {EE5E7F20-72FB-4C1D-8FA7-A53DC2A68AAF}
		{38CB7E8E-1DE9-41A7-A9DB-E41C7E45ABB1} = {18931B16-FF6F-4423-B5B1-63F5D986584B}
		{C576FDAC-5A0C-496C-9CA4-0C3EEB49D207} = {4FCA2686-FBE5-45DB-BAC7-5D35AD54255F}
		{00C39F69-50A1-40F1-BE2A-3BC880A5D9FD} = {18931B16-FF6F-4423-B5B1-63F5D986584B}
		{A9A5E335-9480-46DE-852F-E92064C85855} = {EE5E7F20-72FB-4C1D-8FA7-A53DC2A68AAF}
		{FD60C32A-C666-48A8-8B43-65EBCA75F3AD} = {A9A5E335-9480-46DE-852F-E92064C85855}
		{EA7CE8F6-04F7-4479-82D9-E251BB256586} = {EE5E7F20-72FB-4C1D-8FA7-A53DC2A68AAF}
		{A4F5DBCE-BA04-49CC-93A7-D2FB962738F6} = {EA7CE8F6-04F7-4479-82D9-E251BB256586}
		{EA7E583C-5229-46C6-8E76-D0CA82FCD34C} = {EE5E7F20-72FB-4C1D-8FA7-A53DC2A68AAF}
		{72BFD130-D247-4C39-8AEB-21F5865C5185} = {EA7E583C-5229-46C6-8E76-D0CA82FCD34C}
		{5B164971-5996-4415-B204-F1FFC8F796F5} = {FBCFF493-A5DE-43C7-8A9E-D9A1A849B4C1}
		{CDB97F6F-192F-41B4-B4E5-F1ABD6D101B2} = {60202EB8-5AD4-432E-966E-0507996FEC43}
		{F61A13CF-D25D-4C83-A894-FC88D96D47ED} = {EE5E7F20-72FB-4C1D-8FA7-A53DC2A68AAF}
		{655A9F28-6851-4B99-91E2-C042A6F99AE8} = {F61A13CF-D25D-4C83-A894-FC88D96D47ED}
	EndGlobalSection
	GlobalSection(ExtensibilityGlobals) = postSolution
		SolutionGuid = {87D1FE37-EC68-4193-B007-C2AC167B9C62}
	EndGlobalSection
EndGlobal
